
Microsoft Visual Studio Solution File, Format Version 12.00
# Visual Studio 15
VisualStudioVersion = 15.0.27004.2010
MinimumVisualStudioVersion = 10.0.40219.1
Project("{FAE04EC0-301F-11D3-BF4B-00C04F79EFBC}") = "FridgeLynxie.Android", "FridgeLynxie.Android\FridgeLynxie.Android.csproj", "{F3F6A320-812B-462E-8DBC-3A9B057F0339}"
EndProject
Project("{FAE04EC0-301F-11D3-BF4B-00C04F79EFBC}") = "FridgeLynxie.Core", "FridgeLynxie.Core\FridgeLynxie.Core.csproj", "{0F6CED6A-A042-4270-BB9F-73FDD2CF5256}"
EndProject
Global
	GlobalSection(SolutionConfigurationPlatforms) = preSolution
		Debug|Any CPU = Debug|Any CPU
		Release|Any CPU = Release|Any CPU
	EndGlobalSection
	GlobalSection(ProjectConfigurationPlatforms) = postSolution
		{F3F6A320-812B-462E-8DBC-3A9B057F0339}.Debug|Any CPU.ActiveCfg = Debug|Any CPU
		{F3F6A320-812B-462E-8DBC-3A9B057F0339}.Debug|Any CPU.Build.0 = Debug|Any CPU
		{F3F6A320-812B-462E-8DBC-3A9B057F0339}.Debug|Any CPU.Deploy.0 = Debug|Any CPU
		{F3F6A320-812B-462E-8DBC-3A9B057F0339}.Release|Any CPU.ActiveCfg = Release|Any CPU
		{F3F6A320-812B-462E-8DBC-3A9B057F0339}.Release|Any CPU.Build.0 = Release|Any CPU
		{F3F6A320-812B-462E-8DBC-3A9B057F0339}.Release|Any CPU.Deploy.0 = Release|Any CPU
		{0F6CED6A-A042-4270-BB9F-73FDD2CF5256}.Debug|Any CPU.ActiveCfg = Debug|Any CPU
		{0F6CED6A-A042-4270-BB9F-73FDD2CF5256}.Debug|Any CPU.Build.0 = Debug|Any CPU
		{0F6CED6A-A042-4270-BB9F-73FDD2CF5256}.Release|Any CPU.ActiveCfg = Release|Any CPU
		{0F6CED6A-A042-4270-BB9F-73FDD2CF5256}.Release|Any CPU.Build.0 = Release|Any CPU
	EndGlobalSection
	GlobalSection(SolutionProperties) = preSolution
		HideSolutionNode = FALSE
	EndGlobalSection
	GlobalSection(ExtensibilityGlobals) = postSolution
		SolutionGuid = {0B1AD532-76E5-4D0C-82CE-9C4BBC24F005}
	EndGlobalSection
EndGlobal
